
Microsoft Visual Studio Solution File, Format Version 12.00
# Visual Studio Version 17
VisualStudioVersion = 17.14.36414.22 d17.14
MinimumVisualStudioVersion = 10.0.40219.1
Project("{FAE04EC0-301F-11D3-BF4B-00C04F79EFBC}") = "LupusInTabula", "LupusInTabula.csproj", "{60782B87-16C0-4128-AE73-A5485C999246}"
EndProject
Global
	GlobalSection(SolutionConfigurationPlatforms) = preSolution
		Debug|Any CPU = Debug|Any CPU
		Release|Any CPU = Release|Any CPU
	EndGlobalSection
	GlobalSection(ProjectConfigurationPlatforms) = postSolution
		{60782B87-16C0-4128-AE73-A5485C999246}.Debug|Any CPU.ActiveCfg = Debug|Any CPU
		{60782B87-16C0-4128-AE73-A5485C999246}.Debug|Any CPU.Build.0 = Debug|Any CPU
		{60782B87-16C0-4128-AE73-A5485C999246}.Release|Any CPU.ActiveCfg = Release|Any CPU
		{60782B87-16C0-4128-AE73-A5485C999246}.Release|Any CPU.Build.0 = Release|Any CPU
	EndGlobalSection
	GlobalSection(SolutionProperties) = preSolution
		HideSolutionNode = FALSE
	EndGlobalSection
	GlobalSection(ExtensibilityGlobals) = postSolution
		SolutionGuid = {4A8F16E8-84EC-44CD-9BB2-A96AA3CF4DDF}
	EndGlobalSection
EndGlobal
